// !$*UTF8*$!
{
	archiveVersion = 1;
	classes = {
	};
	objectVersion = 56;
	objects = {

/* Begin PBXBuildFile section */
		F81F3FDA2BE2EFE2007927D7 /* JudgeHomeView.swift in Sources */ = {isa = PBXBuildFile; fileRef = F81F3FD92BE2EFE2007927D7 /* JudgeHomeView.swift */; };
		F81F3FDC2BE420C6007927D7 /* RateJudgeView.swift in Sources */ = {isa = PBXBuildFile; fileRef = F81F3FDB2BE420C6007927D7 /* RateJudgeView.swift */; };
		F86AC6BD2BF514C900BEAFCA /* HackViewModel.swift in Sources */ = {isa = PBXBuildFile; fileRef = F86AC6BC2BF514C900BEAFCA /* HackViewModel.swift */; };
		F86AC6BF2BF51F2100BEAFCA /* AddHackView.swift in Sources */ = {isa = PBXBuildFile; fileRef = F86AC6BE2BF51F2100BEAFCA /* AddHackView.swift */; };
		F87E76CE2C08F6FA00CEF999 /* RubroViewModel.swift in Sources */ = {isa = PBXBuildFile; fileRef = F87E76CD2C08F6FA00CEF999 /* RubroViewModel.swift */; };
		F8B0CAC62BC6F22D00CB8497 /* HackAppApp.swift in Sources */ = {isa = PBXBuildFile; fileRef = F8B0CAC52BC6F22D00CB8497 /* HackAppApp.swift */; };
		F8B0CAC82BC6F22D00CB8497 /* ContentView.swift in Sources */ = {isa = PBXBuildFile; fileRef = F8B0CAC72BC6F22D00CB8497 /* ContentView.swift */; };
		F8B0CACA2BC6F22F00CB8497 /* Assets.xcassets in Resources */ = {isa = PBXBuildFile; fileRef = F8B0CAC92BC6F22F00CB8497 /* Assets.xcassets */; };
		F8B0CACD2BC6F22F00CB8497 /* Preview Assets.xcassets in Resources */ = {isa = PBXBuildFile; fileRef = F8B0CACC2BC6F22F00CB8497 /* Preview Assets.xcassets */; };
		F8BD956C2BE070B7002E496B /* Equipo.swift in Sources */ = {isa = PBXBuildFile; fileRef = F8BD956B2BE070B7002E496B /* Equipo.swift */; };
		F8BD956E2BE0711C002E496B /* Juez.swift in Sources */ = {isa = PBXBuildFile; fileRef = F8BD956D2BE0711C002E496B /* Juez.swift */; };
		F8BD95702BE07131002E496B /* Rubro.swift in Sources */ = {isa = PBXBuildFile; fileRef = F8BD956F2BE07131002E496B /* Rubro.swift */; };
		F8BD95722BE0713B002E496B /* Hack.swift in Sources */ = {isa = PBXBuildFile; fileRef = F8BD95712BE0713B002E496B /* Hack.swift */; };
		F8BD95742BE0717F002E496B /* Evaluacion.swift in Sources */ = {isa = PBXBuildFile; fileRef = F8BD95732BE0717F002E496B /* Evaluacion.swift */; };
		F8C2E1B12BD0456E00B470F0 /* HomeAdminView.swift in Sources */ = {isa = PBXBuildFile; fileRef = F8C2E1B02BD0456E00B470F0 /* HomeAdminView.swift */; };
		F8C2E1B42BD2D94400B470F0 /* MainViewButtonStyle.swift in Sources */ = {isa = PBXBuildFile; fileRef = F8C2E1B32BD2D94400B470F0 /* MainViewButtonStyle.swift */; };
		F8C2E1B62BD962F800B470F0 /* TeamAdminView.swift in Sources */ = {isa = PBXBuildFile; fileRef = F8C2E1B52BD962F800B470F0 /* TeamAdminView.swift */; };
		FB3169122C87D5590021A389 /* GoogleService-Info.plist in Resources */ = {isa = PBXBuildFile; fileRef = FB3169112C87D5590021A389 /* GoogleService-Info.plist */; };
		FB5CF67E2C8BD6A000835D7B /* HomeView.swift in Sources */ = {isa = PBXBuildFile; fileRef = FB5CF67D2C8BD6A000835D7B /* HomeView.swift */; };
		FB701F8F2C93C5A100EF83E4 /* AddHackForm.swift in Sources */ = {isa = PBXBuildFile; fileRef = FB701F8E2C93C5A100EF83E4 /* AddHackForm.swift */; };
		FB701F912C93C5CD00EF83E4 /* AddRubroButton.swift in Sources */ = {isa = PBXBuildFile; fileRef = FB701F902C93C5CD00EF83E4 /* AddRubroButton.swift */; };
		FB701F932C93C62100EF83E4 /* AddRubroPopoverView.swift in Sources */ = {isa = PBXBuildFile; fileRef = FB701F922C93C62100EF83E4 /* AddRubroPopoverView.swift */; };
		FBCBA3C82C8A69EB005548A0 /* StartButton.swift in Sources */ = {isa = PBXBuildFile; fileRef = FBCBA3C72C8A69EB005548A0 /* StartButton.swift */; };
		FBCBA3CA2C8A6F01005548A0 /* FontSizeApp.swift in Sources */ = {isa = PBXBuildFile; fileRef = FBCBA3C92C8A6F01005548A0 /* FontSizeApp.swift */; };
/* End PBXBuildFile section */

/* Begin PBXFileReference section */
		F81F3FD92BE2EFE2007927D7 /* JudgeHomeView.swift */ = {isa = PBXFileReference; lastKnownFileType = sourcecode.swift; path = JudgeHomeView.swift; sourceTree = "<group>"; };
		F81F3FDB2BE420C6007927D7 /* RateJudgeView.swift */ = {isa = PBXFileReference; lastKnownFileType = sourcecode.swift; path = RateJudgeView.swift; sourceTree = "<group>"; };
		F86AC6BC2BF514C900BEAFCA /* HackViewModel.swift */ = {isa = PBXFileReference; lastKnownFileType = sourcecode.swift; path = HackViewModel.swift; sourceTree = "<group>"; };
		F86AC6BE2BF51F2100BEAFCA /* AddHackView.swift */ = {isa = PBXFileReference; lastKnownFileType = sourcecode.swift; path = AddHackView.swift; sourceTree = "<group>"; };
		F87E76CD2C08F6FA00CEF999 /* RubroViewModel.swift */ = {isa = PBXFileReference; lastKnownFileType = sourcecode.swift; path = RubroViewModel.swift; sourceTree = "<group>"; };
		F8B0CAC22BC6F22D00CB8497 /* HackApp.app */ = {isa = PBXFileReference; explicitFileType = wrapper.application; includeInIndex = 0; path = HackApp.app; sourceTree = BUILT_PRODUCTS_DIR; };
		F8B0CAC52BC6F22D00CB8497 /* HackAppApp.swift */ = {isa = PBXFileReference; lastKnownFileType = sourcecode.swift; path = HackAppApp.swift; sourceTree = "<group>"; };
		F8B0CAC72BC6F22D00CB8497 /* ContentView.swift */ = {isa = PBXFileReference; lastKnownFileType = sourcecode.swift; path = ContentView.swift; sourceTree = "<group>"; };
		F8B0CAC92BC6F22F00CB8497 /* Assets.xcassets */ = {isa = PBXFileReference; lastKnownFileType = folder.assetcatalog; path = Assets.xcassets; sourceTree = "<group>"; };
		F8B0CACC2BC6F22F00CB8497 /* Preview Assets.xcassets */ = {isa = PBXFileReference; lastKnownFileType = folder.assetcatalog; path = "Preview Assets.xcassets"; sourceTree = "<group>"; };
		F8BD956B2BE070B7002E496B /* Equipo.swift */ = {isa = PBXFileReference; lastKnownFileType = sourcecode.swift; path = Equipo.swift; sourceTree = "<group>"; };
		F8BD956D2BE0711C002E496B /* Juez.swift */ = {isa = PBXFileReference; lastKnownFileType = sourcecode.swift; path = Juez.swift; sourceTree = "<group>"; };
		F8BD956F2BE07131002E496B /* Rubro.swift */ = {isa = PBXFileReference; lastKnownFileType = sourcecode.swift; path = Rubro.swift; sourceTree = "<group>"; };
		F8BD95712BE0713B002E496B /* Hack.swift */ = {isa = PBXFileReference; lastKnownFileType = sourcecode.swift; path = Hack.swift; sourceTree = "<group>"; };
		F8BD95732BE0717F002E496B /* Evaluacion.swift */ = {isa = PBXFileReference; lastKnownFileType = sourcecode.swift; path = Evaluacion.swift; sourceTree = "<group>"; };
		F8C2E1B02BD0456E00B470F0 /* HomeAdminView.swift */ = {isa = PBXFileReference; lastKnownFileType = sourcecode.swift; path = HomeAdminView.swift; sourceTree = "<group>"; };
		F8C2E1B32BD2D94400B470F0 /* MainViewButtonStyle.swift */ = {isa = PBXFileReference; lastKnownFileType = sourcecode.swift; path = MainViewButtonStyle.swift; sourceTree = "<group>"; };
		F8C2E1B52BD962F800B470F0 /* TeamAdminView.swift */ = {isa = PBXFileReference; lastKnownFileType = sourcecode.swift; path = TeamAdminView.swift; sourceTree = "<group>"; };
		FB3169112C87D5590021A389 /* GoogleService-Info.plist */ = {isa = PBXFileReference; fileEncoding = 4; lastKnownFileType = text.plist.xml; name = "GoogleService-Info.plist"; path = "../../../Downloads/GoogleService-Info.plist"; sourceTree = "<group>"; };
		FB5CF67D2C8BD6A000835D7B /* HomeView.swift */ = {isa = PBXFileReference; lastKnownFileType = sourcecode.swift; path = HomeView.swift; sourceTree = "<group>"; };
		FB701F8E2C93C5A100EF83E4 /* AddHackForm.swift */ = {isa = PBXFileReference; lastKnownFileType = sourcecode.swift; path = AddHackForm.swift; sourceTree = "<group>"; };
		FB701F902C93C5CD00EF83E4 /* AddRubroButton.swift */ = {isa = PBXFileReference; lastKnownFileType = sourcecode.swift; path = AddRubroButton.swift; sourceTree = "<group>"; };
		FB701F922C93C62100EF83E4 /* AddRubroPopoverView.swift */ = {isa = PBXFileReference; lastKnownFileType = sourcecode.swift; path = AddRubroPopoverView.swift; sourceTree = "<group>"; };
		FB7697E92C89279200E37DDF /* Info.plist */ = {isa = PBXFileReference; lastKnownFileType = text.plist.xml; path = Info.plist; sourceTree = "<group>"; };
		FB7697F72C89295500E37DDF /* Inter-Bold.ttf */ = {isa = PBXFileReference; lastKnownFileType = file; path = "Inter-Bold.ttf"; sourceTree = "<group>"; };
		FB7697F82C89295500E37DDF /* Inter-ExtraLight.ttf */ = {isa = PBXFileReference; lastKnownFileType = file; path = "Inter-ExtraLight.ttf"; sourceTree = "<group>"; };
		FB7697F92C89295500E37DDF /* Inter-Regular.ttf */ = {isa = PBXFileReference; lastKnownFileType = file; path = "Inter-Regular.ttf"; sourceTree = "<group>"; };
		FB7697FA2C89295500E37DDF /* Lato-Bold.ttf */ = {isa = PBXFileReference; lastKnownFileType = file; path = "Lato-Bold.ttf"; sourceTree = "<group>"; };
		FB7697FB2C89295500E37DDF /* Lato-Light.ttf */ = {isa = PBXFileReference; lastKnownFileType = file; path = "Lato-Light.ttf"; sourceTree = "<group>"; };
		FB7697FC2C89295500E37DDF /* Lato-Regular.ttf */ = {isa = PBXFileReference; lastKnownFileType = file; path = "Lato-Regular.ttf"; sourceTree = "<group>"; };
		FBCBA3C72C8A69EB005548A0 /* StartButton.swift */ = {isa = PBXFileReference; lastKnownFileType = sourcecode.swift; path = StartButton.swift; sourceTree = "<group>"; };
		FBCBA3C92C8A6F01005548A0 /* FontSizeApp.swift */ = {isa = PBXFileReference; lastKnownFileType = sourcecode.swift; path = FontSizeApp.swift; sourceTree = "<group>"; };
/* End PBXFileReference section */

/* Begin PBXFrameworksBuildPhase section */
		F8B0CABF2BC6F22D00CB8497 /* Frameworks */ = {
			isa = PBXFrameworksBuildPhase;
			buildActionMask = 2147483647;
			files = (
			);
			runOnlyForDeploymentPostprocessing = 0;
		};
/* End PBXFrameworksBuildPhase section */

/* Begin PBXGroup section */
		F86AC6BB2BF512A100BEAFCA /* ViewModel */ = {
			isa = PBXGroup;
			children = (
				F86AC6BC2BF514C900BEAFCA /* HackViewModel.swift */,
				F87E76CD2C08F6FA00CEF999 /* RubroViewModel.swift */,
			);
			path = ViewModel;
			sourceTree = "<group>";
		};
		F8B0CAB92BC6F22D00CB8497 = {
			isa = PBXGroup;
			children = (
				F8B0CAC42BC6F22D00CB8497 /* HackApp */,
				F8B0CAC32BC6F22D00CB8497 /* Products */,
			);
			sourceTree = "<group>";
		};
		F8B0CAC32BC6F22D00CB8497 /* Products */ = {
			isa = PBXGroup;
			children = (
				F8B0CAC22BC6F22D00CB8497 /* HackApp.app */,
			);
			name = Products;
			sourceTree = "<group>";
		};
		F8B0CAC42BC6F22D00CB8497 /* HackApp */ = {
			isa = PBXGroup;
			children = (
				FB7697FD2C89295500E37DDF /* Fonts */,
				FB3169162C8923E70021A389 /* Views */,
				FB7697E92C89279200E37DDF /* Info.plist */,
				FB3169112C87D5590021A389 /* GoogleService-Info.plist */,
				F86AC6BB2BF512A100BEAFCA /* ViewModel */,
				F8BD956A2BE070A3002E496B /* Model */,
				F8B0CAC52BC6F22D00CB8497 /* HackAppApp.swift */,
				F8B0CAC72BC6F22D00CB8497 /* ContentView.swift */,
				F8C2E1B22BD2D91D00B470F0 /* SupportingElements */,
				F8B0CAC92BC6F22F00CB8497 /* Assets.xcassets */,
				F8B0CACB2BC6F22F00CB8497 /* Preview Content */,
			);
			path = HackApp;
			sourceTree = "<group>";
		};
		F8B0CACB2BC6F22F00CB8497 /* Preview Content */ = {
			isa = PBXGroup;
			children = (
				F8B0CACC2BC6F22F00CB8497 /* Preview Assets.xcassets */,
			);
			path = "Preview Content";
			sourceTree = "<group>";
		};
		F8BD956A2BE070A3002E496B /* Model */ = {
			isa = PBXGroup;
			children = (
				F8BD956B2BE070B7002E496B /* Equipo.swift */,
				F8BD95732BE0717F002E496B /* Evaluacion.swift */,
				F8BD956D2BE0711C002E496B /* Juez.swift */,
				F8BD956F2BE07131002E496B /* Rubro.swift */,
				F8BD95712BE0713B002E496B /* Hack.swift */,
			);
			path = Model;
			sourceTree = "<group>";
		};
		F8C2E1B22BD2D91D00B470F0 /* SupportingElements */ = {
			isa = PBXGroup;
			children = (
				F8C2E1B32BD2D94400B470F0 /* MainViewButtonStyle.swift */,
			);
			path = SupportingElements;
			sourceTree = "<group>";
		};
		FB3169142C8923610021A389 /* Components */ = {
			isa = PBXGroup;
			children = (
				FB701F8B2C93BE6A00EF83E4 /* AddHack */,
				FBCBA3C62C8A69C3005548A0 /* Buttons */,
			);
			path = Components;
			sourceTree = "<group>";
		};
		FB3169162C8923E70021A389 /* Views */ = {
			isa = PBXGroup;
			children = (
				FB3169142C8923610021A389 /* Components */,
				FB3169192C89241D0021A389 /* Start */,
				FB3169182C8923FD0021A389 /* Judge */,
				FB3169172C8923F30021A389 /* Admin */,
			);
			path = Views;
			sourceTree = "<group>";
		};
		FB3169172C8923F30021A389 /* Admin */ = {
			isa = PBXGroup;
			children = (
				F86AC6BE2BF51F2100BEAFCA /* AddHackView.swift */,
				F8C2E1B52BD962F800B470F0 /* TeamAdminView.swift */,
				F8C2E1B02BD0456E00B470F0 /* HomeAdminView.swift */,
			);
			path = Admin;
			sourceTree = "<group>";
		};
		FB3169182C8923FD0021A389 /* Judge */ = {
			isa = PBXGroup;
			children = (
				F81F3FD92BE2EFE2007927D7 /* JudgeHomeView.swift */,
				F81F3FDB2BE420C6007927D7 /* RateJudgeView.swift */,
			);
			path = Judge;
			sourceTree = "<group>";
		};
		FB3169192C89241D0021A389 /* Start */ = {
			isa = PBXGroup;
			children = (
				FB5CF67D2C8BD6A000835D7B /* HomeView.swift */,
			);
			path = Start;
			sourceTree = "<group>";
		};
		FB701F8B2C93BE6A00EF83E4 /* AddHack */ = {
			isa = PBXGroup;
			children = (
				FB701F8E2C93C5A100EF83E4 /* AddHackForm.swift */,
				FB701F902C93C5CD00EF83E4 /* AddRubroButton.swift */,
				FB701F922C93C62100EF83E4 /* AddRubroPopoverView.swift */,
			);
			path = AddHack;
			sourceTree = "<group>";
		};
		FB7697FD2C89295500E37DDF /* Fonts */ = {
			isa = PBXGroup;
			children = (
				FB7697F72C89295500E37DDF /* Inter-Bold.ttf */,
				FB7697F82C89295500E37DDF /* Inter-ExtraLight.ttf */,
				FB7697F92C89295500E37DDF /* Inter-Regular.ttf */,
				FB7697FA2C89295500E37DDF /* Lato-Bold.ttf */,
				FB7697FB2C89295500E37DDF /* Lato-Light.ttf */,
				FB7697FC2C89295500E37DDF /* Lato-Regular.ttf */,
				FBCBA3C92C8A6F01005548A0 /* FontSizeApp.swift */,
			);
			path = Fonts;
			sourceTree = "<group>";
		};
		FBCBA3C62C8A69C3005548A0 /* Buttons */ = {
			isa = PBXGroup;
			children = (
				FBCBA3C72C8A69EB005548A0 /* StartButton.swift */,
			);
			path = Buttons;
			sourceTree = "<group>";
		};
/* End PBXGroup section */

/* Begin PBXNativeTarget section */
		F8B0CAC12BC6F22D00CB8497 /* HackApp */ = {
			isa = PBXNativeTarget;
			buildConfigurationList = F8B0CAD02BC6F22F00CB8497 /* Build configuration list for PBXNativeTarget "HackApp" */;
			buildPhases = (
				F8B0CABE2BC6F22D00CB8497 /* Sources */,
				F8B0CABF2BC6F22D00CB8497 /* Frameworks */,
				F8B0CAC02BC6F22D00CB8497 /* Resources */,
			);
			buildRules = (
			);
			dependencies = (
			);
			name = HackApp;
			productName = HackApp;
			productReference = F8B0CAC22BC6F22D00CB8497 /* HackApp.app */;
			productType = "com.apple.product-type.application";
		};
/* End PBXNativeTarget section */

/* Begin PBXProject section */
		F8B0CABA2BC6F22D00CB8497 /* Project object */ = {
			isa = PBXProject;
			attributes = {
				BuildIndependentTargetsInParallel = 1;
				LastSwiftUpdateCheck = 1530;
				LastUpgradeCheck = 1530;
				TargetAttributes = {
					F8B0CAC12BC6F22D00CB8497 = {
						CreatedOnToolsVersion = 15.3;
					};
				};
			};
			buildConfigurationList = F8B0CABD2BC6F22D00CB8497 /* Build configuration list for PBXProject "HackApp" */;
			compatibilityVersion = "Xcode 14.0";
			developmentRegion = en;
			hasScannedForEncodings = 0;
			knownRegions = (
				en,
				Base,
			);
			mainGroup = F8B0CAB92BC6F22D00CB8497;
			packageReferences = (
				FB3169132C891D200021A389 /* XCRemoteSwiftPackageReference "firebase-ios-sdk" */,
			);
			productRefGroup = F8B0CAC32BC6F22D00CB8497 /* Products */;
			projectDirPath = "";
			projectRoot = "";
			targets = (
				F8B0CAC12BC6F22D00CB8497 /* HackApp */,
			);
		};
/* End PBXProject section */

/* Begin PBXResourcesBuildPhase section */
		F8B0CAC02BC6F22D00CB8497 /* Resources */ = {
			isa = PBXResourcesBuildPhase;
			buildActionMask = 2147483647;
			files = (
				F8B0CACD2BC6F22F00CB8497 /* Preview Assets.xcassets in Resources */,
				F8B0CACA2BC6F22F00CB8497 /* Assets.xcassets in Resources */,
				FB3169122C87D5590021A389 /* GoogleService-Info.plist in Resources */,
			);
			runOnlyForDeploymentPostprocessing = 0;
		};
/* End PBXResourcesBuildPhase section */

/* Begin PBXSourcesBuildPhase section */
		F8B0CABE2BC6F22D00CB8497 /* Sources */ = {
			isa = PBXSourcesBuildPhase;
			buildActionMask = 2147483647;
			files = (
				F81F3FDC2BE420C6007927D7 /* RateJudgeView.swift in Sources */,
				F86AC6BF2BF51F2100BEAFCA /* AddHackView.swift in Sources */,
				F8BD95702BE07131002E496B /* Rubro.swift in Sources */,
				FBCBA3CA2C8A6F01005548A0 /* FontSizeApp.swift in Sources */,
				FB701F8F2C93C5A100EF83E4 /* AddHackForm.swift in Sources */,
				F8B0CAC82BC6F22D00CB8497 /* ContentView.swift in Sources */,
				F8C2E1B42BD2D94400B470F0 /* MainViewButtonStyle.swift in Sources */,
				F8BD956C2BE070B7002E496B /* Equipo.swift in Sources */,
				FBCBA3C82C8A69EB005548A0 /* StartButton.swift in Sources */,
				F8BD956E2BE0711C002E496B /* Juez.swift in Sources */,
				F8BD95722BE0713B002E496B /* Hack.swift in Sources */,
				F8C2E1B62BD962F800B470F0 /* TeamAdminView.swift in Sources */,
				F8C2E1B12BD0456E00B470F0 /* HomeAdminView.swift in Sources */,
				F86AC6BD2BF514C900BEAFCA /* HackViewModel.swift in Sources */,
				F81F3FDA2BE2EFE2007927D7 /* JudgeHomeView.swift in Sources */,
				F8BD95742BE0717F002E496B /* Evaluacion.swift in Sources */,
				FB701F912C93C5CD00EF83E4 /* AddRubroButton.swift in Sources */,
				F87E76CE2C08F6FA00CEF999 /* RubroViewModel.swift in Sources */,
				FB701F932C93C62100EF83E4 /* AddRubroPopoverView.swift in Sources */,
				F8B0CAC62BC6F22D00CB8497 /* HackAppApp.swift in Sources */,
				FB5CF67E2C8BD6A000835D7B /* HomeView.swift in Sources */,
			);
			runOnlyForDeploymentPostprocessing = 0;
		};
/* End PBXSourcesBuildPhase section */

/* Begin XCBuildConfiguration section */
		F8B0CACE2BC6F22F00CB8497 /* Debug */ = {
			isa = XCBuildConfiguration;
			buildSettings = {
				ALWAYS_SEARCH_USER_PATHS = NO;
				ASSETCATALOG_COMPILER_GENERATE_SWIFT_ASSET_SYMBOL_EXTENSIONS = YES;
				CLANG_ANALYZER_NONNULL = YES;
				CLANG_ANALYZER_NUMBER_OBJECT_CONVERSION = YES_AGGRESSIVE;
				CLANG_CXX_LANGUAGE_STANDARD = "gnu++20";
				CLANG_ENABLE_MODULES = YES;
				CLANG_ENABLE_OBJC_ARC = YES;
				CLANG_ENABLE_OBJC_WEAK = YES;
				CLANG_WARN_BLOCK_CAPTURE_AUTORELEASING = YES;
				CLANG_WARN_BOOL_CONVERSION = YES;
				CLANG_WARN_COMMA = YES;
				CLANG_WARN_CONSTANT_CONVERSION = YES;
				CLANG_WARN_DEPRECATED_OBJC_IMPLEMENTATIONS = YES;
				CLANG_WARN_DIRECT_OBJC_ISA_USAGE = YES_ERROR;
				CLANG_WARN_DOCUMENTATION_COMMENTS = YES;
				CLANG_WARN_EMPTY_BODY = YES;
				CLANG_WARN_ENUM_CONVERSION = YES;
				CLANG_WARN_INFINITE_RECURSION = YES;
				CLANG_WARN_INT_CONVERSION = YES;
				CLANG_WARN_NON_LITERAL_NULL_CONVERSION = YES;
				CLANG_WARN_OBJC_IMPLICIT_RETAIN_SELF = YES;
				CLANG_WARN_OBJC_LITERAL_CONVERSION = YES;
				CLANG_WARN_OBJC_ROOT_CLASS = YES_ERROR;
				CLANG_WARN_QUOTED_INCLUDE_IN_FRAMEWORK_HEADER = YES;
				CLANG_WARN_RANGE_LOOP_ANALYSIS = YES;
				CLANG_WARN_STRICT_PROTOTYPES = YES;
				CLANG_WARN_SUSPICIOUS_MOVE = YES;
				CLANG_WARN_UNGUARDED_AVAILABILITY = YES_AGGRESSIVE;
				CLANG_WARN_UNREACHABLE_CODE = YES;
				CLANG_WARN__DUPLICATE_METHOD_MATCH = YES;
				COPY_PHASE_STRIP = NO;
				DEBUG_INFORMATION_FORMAT = dwarf;
				ENABLE_STRICT_OBJC_MSGSEND = YES;
				ENABLE_TESTABILITY = YES;
				ENABLE_USER_SCRIPT_SANDBOXING = YES;
				GCC_C_LANGUAGE_STANDARD = gnu17;
				GCC_DYNAMIC_NO_PIC = NO;
				GCC_NO_COMMON_BLOCKS = YES;
				GCC_OPTIMIZATION_LEVEL = 0;
				GCC_PREPROCESSOR_DEFINITIONS = (
					"DEBUG=1",
					"$(inherited)",
				);
				GCC_WARN_64_TO_32_BIT_CONVERSION = YES;
				GCC_WARN_ABOUT_RETURN_TYPE = YES_ERROR;
				GCC_WARN_UNDECLARED_SELECTOR = YES;
				GCC_WARN_UNINITIALIZED_AUTOS = YES_AGGRESSIVE;
				GCC_WARN_UNUSED_FUNCTION = YES;
				GCC_WARN_UNUSED_VARIABLE = YES;
				IPHONEOS_DEPLOYMENT_TARGET = 17.4;
				LOCALIZATION_PREFERS_STRING_CATALOGS = YES;
				MTL_ENABLE_DEBUG_INFO = INCLUDE_SOURCE;
				MTL_FAST_MATH = YES;
				ONLY_ACTIVE_ARCH = YES;
				SDKROOT = iphoneos;
				SWIFT_ACTIVE_COMPILATION_CONDITIONS = "DEBUG $(inherited)";
				SWIFT_OPTIMIZATION_LEVEL = "-Onone";
			};
			name = Debug;
		};
		F8B0CACF2BC6F22F00CB8497 /* Release */ = {
			isa = XCBuildConfiguration;
			buildSettings = {
				ALWAYS_SEARCH_USER_PATHS = NO;
				ASSETCATALOG_COMPILER_GENERATE_SWIFT_ASSET_SYMBOL_EXTENSIONS = YES;
				CLANG_ANALYZER_NONNULL = YES;
				CLANG_ANALYZER_NUMBER_OBJECT_CONVERSION = YES_AGGRESSIVE;
				CLANG_CXX_LANGUAGE_STANDARD = "gnu++20";
				CLANG_ENABLE_MODULES = YES;
				CLANG_ENABLE_OBJC_ARC = YES;
				CLANG_ENABLE_OBJC_WEAK = YES;
				CLANG_WARN_BLOCK_CAPTURE_AUTORELEASING = YES;
				CLANG_WARN_BOOL_CONVERSION = YES;
				CLANG_WARN_COMMA = YES;
				CLANG_WARN_CONSTANT_CONVERSION = YES;
				CLANG_WARN_DEPRECATED_OBJC_IMPLEMENTATIONS = YES;
				CLANG_WARN_DIRECT_OBJC_ISA_USAGE = YES_ERROR;
				CLANG_WARN_DOCUMENTATION_COMMENTS = YES;
				CLANG_WARN_EMPTY_BODY = YES;
				CLANG_WARN_ENUM_CONVERSION = YES;
				CLANG_WARN_INFINITE_RECURSION = YES;
				CLANG_WARN_INT_CONVERSION = YES;
				CLANG_WARN_NON_LITERAL_NULL_CONVERSION = YES;
				CLANG_WARN_OBJC_IMPLICIT_RETAIN_SELF = YES;
				CLANG_WARN_OBJC_LITERAL_CONVERSION = YES;
				CLANG_WARN_OBJC_ROOT_CLASS = YES_ERROR;
				CLANG_WARN_QUOTED_INCLUDE_IN_FRAMEWORK_HEADER = YES;
				CLANG_WARN_RANGE_LOOP_ANALYSIS = YES;
				CLANG_WARN_STRICT_PROTOTYPES = YES;
				CLANG_WARN_SUSPICIOUS_MOVE = YES;
				CLANG_WARN_UNGUARDED_AVAILABILITY = YES_AGGRESSIVE;
				CLANG_WARN_UNREACHABLE_CODE = YES;
				CLANG_WARN__DUPLICATE_METHOD_MATCH = YES;
				COPY_PHASE_STRIP = NO;
				DEBUG_INFORMATION_FORMAT = "dwarf-with-dsym";
				ENABLE_NS_ASSERTIONS = NO;
				ENABLE_STRICT_OBJC_MSGSEND = YES;
				ENABLE_USER_SCRIPT_SANDBOXING = YES;
				GCC_C_LANGUAGE_STANDARD = gnu17;
				GCC_NO_COMMON_BLOCKS = YES;
				GCC_WARN_64_TO_32_BIT_CONVERSION = YES;
				GCC_WARN_ABOUT_RETURN_TYPE = YES_ERROR;
				GCC_WARN_UNDECLARED_SELECTOR = YES;
				GCC_WARN_UNINITIALIZED_AUTOS = YES_AGGRESSIVE;
				GCC_WARN_UNUSED_FUNCTION = YES;
				GCC_WARN_UNUSED_VARIABLE = YES;
				IPHONEOS_DEPLOYMENT_TARGET = 17.4;
				LOCALIZATION_PREFERS_STRING_CATALOGS = YES;
				MTL_ENABLE_DEBUG_INFO = NO;
				MTL_FAST_MATH = YES;
				SDKROOT = iphoneos;
				SWIFT_COMPILATION_MODE = wholemodule;
				VALIDATE_PRODUCT = YES;
			};
			name = Release;
		};
		F8B0CAD12BC6F22F00CB8497 /* Debug */ = {
			isa = XCBuildConfiguration;
			buildSettings = {
				ASSETCATALOG_COMPILER_APPICON_NAME = AppIcon;
				ASSETCATALOG_COMPILER_GLOBAL_ACCENT_COLOR_NAME = AccentColor;
				CODE_SIGN_STYLE = Automatic;
				CURRENT_PROJECT_VERSION = 1;
				DEVELOPMENT_ASSET_PATHS = "\"HackApp/Preview Content\"";
				DEVELOPMENT_TEAM = 7MLM8NTU75;
				ENABLE_PREVIEWS = YES;
				GENERATE_INFOPLIST_FILE = YES;
				INFOPLIST_KEY_UIApplicationSceneManifest_Generation = YES;
				INFOPLIST_KEY_UIApplicationSupportsIndirectInputEvents = YES;
				INFOPLIST_KEY_UILaunchScreen_Generation = YES;
				INFOPLIST_KEY_UISupportedInterfaceOrientations_iPad = "UIInterfaceOrientationPortrait UIInterfaceOrientationPortraitUpsideDown UIInterfaceOrientationLandscapeLeft UIInterfaceOrientationLandscapeRight";
				INFOPLIST_KEY_UISupportedInterfaceOrientations_iPhone = "UIInterfaceOrientationPortrait UIInterfaceOrientationLandscapeLeft UIInterfaceOrientationLandscapeRight";
				LD_RUNPATH_SEARCH_PATHS = (
					"$(inherited)",
					"@executable_path/Frameworks",
				);
				MARKETING_VERSION = 1.0;
				PRODUCT_BUNDLE_IDENTIFIER = Yo.HackApp;
				PRODUCT_NAME = "$(TARGET_NAME)";
				SUPPORTED_PLATFORMS = "iphoneos iphonesimulator";
				SUPPORTS_MACCATALYST = NO;
				SWIFT_EMIT_LOC_STRINGS = YES;
				SWIFT_VERSION = 5.0;
				TARGETED_DEVICE_FAMILY = 2;
			};
			name = Debug;
		};
		F8B0CAD22BC6F22F00CB8497 /* Release */ = {
			isa = XCBuildConfiguration;
			buildSettings = {
				ASSETCATALOG_COMPILER_APPICON_NAME = AppIcon;
				ASSETCATALOG_COMPILER_GLOBAL_ACCENT_COLOR_NAME = AccentColor;
				CODE_SIGN_STYLE = Automatic;
				CURRENT_PROJECT_VERSION = 1;
				DEVELOPMENT_ASSET_PATHS = "\"HackApp/Preview Content\"";
				DEVELOPMENT_TEAM = X5KY75J3RV;
				ENABLE_PREVIEWS = YES;
				GENERATE_INFOPLIST_FILE = YES;
				INFOPLIST_KEY_UIApplicationSceneManifest_Generation = YES;
				INFOPLIST_KEY_UIApplicationSupportsIndirectInputEvents = YES;
				INFOPLIST_KEY_UILaunchScreen_Generation = YES;
				INFOPLIST_KEY_UISupportedInterfaceOrientations_iPad = "UIInterfaceOrientationPortrait UIInterfaceOrientationPortraitUpsideDown UIInterfaceOrientationLandscapeLeft UIInterfaceOrientationLandscapeRight";
				INFOPLIST_KEY_UISupportedInterfaceOrientations_iPhone = "UIInterfaceOrientationPortrait UIInterfaceOrientationLandscapeLeft UIInterfaceOrientationLandscapeRight";
				LD_RUNPATH_SEARCH_PATHS = (
					"$(inherited)",
					"@executable_path/Frameworks",
				);
				MARKETING_VERSION = 1.0;
				PRODUCT_BUNDLE_IDENTIFIER = Yo2.HackApp;
				PRODUCT_NAME = "$(TARGET_NAME)";
				SUPPORTED_PLATFORMS = "iphoneos iphonesimulator";
				SUPPORTS_MACCATALYST = NO;
				SWIFT_EMIT_LOC_STRINGS = YES;
				SWIFT_VERSION = 5.0;
				TARGETED_DEVICE_FAMILY = 2;
			};
			name = Release;
		};
/* End XCBuildConfiguration section */

/* Begin XCConfigurationList section */
		F8B0CABD2BC6F22D00CB8497 /* Build configuration list for PBXProject "HackApp" */ = {
			isa = XCConfigurationList;
			buildConfigurations = (
				F8B0CACE2BC6F22F00CB8497 /* Debug */,
				F8B0CACF2BC6F22F00CB8497 /* Release */,
			);
			defaultConfigurationIsVisible = 0;
			defaultConfigurationName = Release;
		};
		F8B0CAD02BC6F22F00CB8497 /* Build configuration list for PBXNativeTarget "HackApp" */ = {
			isa = XCConfigurationList;
			buildConfigurations = (
				F8B0CAD12BC6F22F00CB8497 /* Debug */,
				F8B0CAD22BC6F22F00CB8497 /* Release */,
			);
			defaultConfigurationIsVisible = 0;
			defaultConfigurationName = Release;
		};
/* End XCConfigurationList section */

/* Begin XCRemoteSwiftPackageReference section */
		FB3169132C891D200021A389 /* XCRemoteSwiftPackageReference "firebase-ios-sdk" */ = {
			isa = XCRemoteSwiftPackageReference;
			repositoryURL = "https://github.com/firebase/firebase-ios-sdk";
			requirement = {
				kind = upToNextMajorVersion;
				minimumVersion = 11.1.0;
			};
		};
/* End XCRemoteSwiftPackageReference section */
	};
	rootObject = F8B0CABA2BC6F22D00CB8497 /* Project object */;
}
